{
  "name": "honyar_cli",
  "version": "1.0.0",
  "lockfileVersion": 1,
  "requires": true,
  "dependencies": {
    "child_process": {
      "version": "1.0.2",
      "resolved": "https://registry.npm.taobao.org/child_process/download/child_process-1.0.2.tgz",
      "integrity": "sha1-sffn/HPSXn/R1FWtyU4UODAYK1o="
    },
    "commander": {
      "version": "6.1.0",
      "resolved": "https://registry.npm.taobao.org/commander/download/commander-6.1.0.tgz?cache=0&sync_timestamp=1598576076977&other_urls=https%3A%2F%2Fregistry.npm.taobao.org%2Fcommander%2Fdownload%2Fcommander-6.1.0.tgz",
      "integrity": "sha1-+Ncit4EDFBAGtm9Me6HpcxW6dbw="
    }
  }
}
